
Microsoft Visual Studio Solution File, Format Version 12.00
# Visual Studio Version 16
VisualStudioVersion = 16.0.809.10
MinimumVisualStudioVersion = 10.0.40219.1
Project("{FAE04EC0-301F-11D3-BF4B-00C04F79EFBC}") = "Telstra.Core.Data", "Telstra.Core.Data\Telstra.Core.Data.csproj", "{B7C522C7-58CC-41B3-B0F4-37B3FF24ADF5}"
EndProject
Project("{FAE04EC0-301F-11D3-BF4B-00C04F79EFBC}") = "Telstra.Common", "Telstra.Common\Telstra.Common.csproj", "{FFC4E610-0F90-48DB-8213-71127F7E4C17}"
EndProject
Project("{FAE04EC0-301F-11D3-BF4B-00C04F79EFBC}") = "WCA.Consumer.Api", "WCA.Consumer.Api\WCA.Consumer.Api.csproj", "{F7F56E5C-98D8-4D27-9FDF-9A3D4F8EBEA6}"
EndProject
Project("{FAE04EC0-301F-11D3-BF4B-00C04F79EFBC}") = "Telstra.Core.Repo", "Telstra.Core.Repo\Telstra.Core.Repo.csproj", "{97C48C1A-806E-4CFF-A641-614A17FFE8CC}"
EndProject
Project("{FAE04EC0-301F-11D3-BF4B-00C04F79EFBC}") = "WCA.Consumer.Api.Tests", "WCA.Consumer.Api.Tests\WCA.Consumer.Api.Tests.csproj", "{90096314-8938-4624-B9EC-B5C4E68D61B6}"
EndProject
Global
	GlobalSection(SolutionConfigurationPlatforms) = preSolution
		Debug|Any CPU = Debug|Any CPU
		Release|Any CPU = Release|Any CPU
	EndGlobalSection
	GlobalSection(ProjectConfigurationPlatforms) = postSolution
		{B7C522C7-58CC-41B3-B0F4-37B3FF24ADF5}.Debug|Any CPU.ActiveCfg = Debug|Any CPU
		{B7C522C7-58CC-41B3-B0F4-37B3FF24ADF5}.Debug|Any CPU.Build.0 = Debug|Any CPU
		{B7C522C7-58CC-41B3-B0F4-37B3FF24ADF5}.Release|Any CPU.ActiveCfg = Release|Any CPU
		{B7C522C7-58CC-41B3-B0F4-37B3FF24ADF5}.Release|Any CPU.Build.0 = Release|Any CPU
		{FFC4E610-0F90-48DB-8213-71127F7E4C17}.Debug|Any CPU.ActiveCfg = Debug|Any CPU
		{FFC4E610-0F90-48DB-8213-71127F7E4C17}.Debug|Any CPU.Build.0 = Debug|Any CPU
		{FFC4E610-0F90-48DB-8213-71127F7E4C17}.Release|Any CPU.ActiveCfg = Release|Any CPU
		{FFC4E610-0F90-48DB-8213-71127F7E4C17}.Release|Any CPU.Build.0 = Release|Any CPU
		{F7F56E5C-98D8-4D27-9FDF-9A3D4F8EBEA6}.Debug|Any CPU.ActiveCfg = Debug|Any CPU
		{F7F56E5C-98D8-4D27-9FDF-9A3D4F8EBEA6}.Debug|Any CPU.Build.0 = Debug|Any CPU
		{F7F56E5C-98D8-4D27-9FDF-9A3D4F8EBEA6}.Release|Any CPU.ActiveCfg = Release|Any CPU
		{F7F56E5C-98D8-4D27-9FDF-9A3D4F8EBEA6}.Release|Any CPU.Build.0 = Release|Any CPU
		{97C48C1A-806E-4CFF-A641-614A17FFE8CC}.Debug|Any CPU.ActiveCfg = Debug|Any CPU
		{97C48C1A-806E-4CFF-A641-614A17FFE8CC}.Debug|Any CPU.Build.0 = Debug|Any CPU
		{97C48C1A-806E-4CFF-A641-614A17FFE8CC}.Release|Any CPU.ActiveCfg = Release|Any CPU
		{97C48C1A-806E-4CFF-A641-614A17FFE8CC}.Release|Any CPU.Build.0 = Release|Any CPU
		{90096314-8938-4624-B9EC-B5C4E68D61B6}.Debug|Any CPU.ActiveCfg = Debug|Any CPU
		{90096314-8938-4624-B9EC-B5C4E68D61B6}.Debug|Any CPU.Build.0 = Debug|Any CPU
		{90096314-8938-4624-B9EC-B5C4E68D61B6}.Release|Any CPU.ActiveCfg = Release|Any CPU
		{90096314-8938-4624-B9EC-B5C4E68D61B6}.Release|Any CPU.Build.0 = Release|Any CPU
		{887304BC-86F2-41FD-9E52-2179E250C0AA}.Debug|Any CPU.ActiveCfg = Debug|Any CPU
		{887304BC-86F2-41FD-9E52-2179E250C0AA}.Debug|Any CPU.Build.0 = Debug|Any CPU
		{887304BC-86F2-41FD-9E52-2179E250C0AA}.Release|Any CPU.ActiveCfg = Release|Any CPU
		{887304BC-86F2-41FD-9E52-2179E250C0AA}.Release|Any CPU.Build.0 = Release|Any CPU
	EndGlobalSection
	GlobalSection(SolutionProperties) = preSolution
		HideSolutionNode = FALSE
	EndGlobalSection
	GlobalSection(ExtensibilityGlobals) = postSolution
		SolutionGuid = {4751DC98-95FD-46DB-8E12-136AE9163D0B}
	EndGlobalSection
EndGlobal
